// !$*UTF8*$!
{
	archiveVersion = 1;
	classes = {
	};
	objectVersion = 53;
	objects = {

/* Begin PBXAggregateTarget section */
		7BC7AFD12A0F2AF700D90CD1 /* Capstone */ = {
			isa = PBXAggregateTarget;
			buildConfigurationList = 7BC7AFD22A0F2AF700D90CD1 /* Build configuration list for PBXAggregateTarget "Capstone" */;
			buildPhases = (
				7BC7AFD52A0F2AFD00D90CD1 /* ShellScript */,
			);
			dependencies = (
			);
			name = Capstone;
			productName = Capstone;
		};
/* End PBXAggregateTarget section */

/* Begin PBXBuildFile section */
		256AC3DA0F4B6AC300CF3369 /* AppController.mm in Sources */ = {isa = PBXBuildFile; fileRef = 256AC3D90F4B6AC300CF3369 /* AppController.mm */; };
		3C0ADEB0169CD42600DA428E /* README.md in CopyFiles */ = {isa = PBXBuildFile; fileRef = 3CE90DFC11F6107600543402 /* README.md */; };
		3C0F958411F6589D0070A2FE /* InfoPlist.strings in Resources */ = {isa = PBXBuildFile; fileRef = 3C0F957E11F6589D0070A2FE /* InfoPlist.strings */; };
		3C0F958511F6589D0070A2FE /* Layout.xib in Resources */ = {isa = PBXBuildFile; fileRef = 3C0F958011F6589D0070A2FE /* Layout.xib */; };
		3C0F958611F6589D0070A2FE /* MainMenu.xib in Resources */ = {isa = PBXBuildFile; fileRef = 3C0F958211F6589D0070A2FE /* MainMenu.xib */; };
		3C0F958911F658BF0070A2FE /* greenApple.icns in Resources */ = {isa = PBXBuildFile; fileRef = 3C0F958711F658BF0070A2FE /* greenApple.icns */; };
		3C0F958A11F658BF0070A2FE /* redApple.icns in Resources */ = {isa = PBXBuildFile; fileRef = 3C0F958811F658BF0070A2FE /* redApple.icns */; };
		3C1163F113D5B88D007B4A6E /* stop.png in Resources */ = {isa = PBXBuildFile; fileRef = 3C1163F013D5B88D007B4A6E /* stop.png */; };
		3C34A82B14892FF1005B53F6 /* FatLayout.mm in Sources */ = {isa = PBXBuildFile; fileRef = 3C34A82A14892FF1005B53F6 /* FatLayout.mm */; };
		3C3EC88F13B66E8900ECCDB2 /* Preferences.xib in Resources */ = {isa = PBXBuildFile; fileRef = 3C3EC88D13B66E8900ECCDB2 /* Preferences.xib */; };
		3C46C7D91687C6ED00212190 /* PreferenceController.m in Sources */ = {isa = PBXBuildFile; fileRef = 3C46C7D81687C6ED00212190 /* PreferenceController.m */; };
		3C46C84B1687DEE600212190 /* Credits.rtf in Resources */ = {isa = PBXBuildFile; fileRef = 3C46C8491687DEE600212190 /* Credits.rtf */; };
		3C61A87C1240B0B400BDF3D0 /* SectionContents.mm in Sources */ = {isa = PBXBuildFile; fileRef = 3C61A87B1240B0B400BDF3D0 /* SectionContents.mm */; };
		3C73525A11DE122900DF1950 /* Document.mm in Sources */ = {isa = PBXBuildFile; fileRef = 3C73525911DE122900DF1950 /* Document.mm */; };
		3CC0022211F64A45000F7A3D /* Cocoa.framework in Frameworks */ = {isa = PBXBuildFile; fileRef = 3CC0022111F64A45000F7A3D /* Cocoa.framework */; };
		3CCC228D129EE70C0083DAE2 /* CRTFootPrints.mm in Sources */ = {isa = PBXBuildFile; fileRef = 3CCC228C129EE70C0083DAE2 /* CRTFootPrints.mm */; };
		3CD037C21248F66C00DCFC68 /* DyldInfo.mm in Sources */ = {isa = PBXBuildFile; fileRef = 3CD037C11248F66C00DCFC68 /* DyldInfo.mm */; };
		3CE718B713338F0E0005C4DA /* ArchiveLayout.mm in Sources */ = {isa = PBXBuildFile; fileRef = 3CE718B613338F0E0005C4DA /* ArchiveLayout.mm */; };
		3CE7199F1333A4EF0005C4DA /* Layout.mm in Sources */ = {isa = PBXBuildFile; fileRef = 3CE7199E1333A4EF0005C4DA /* Layout.mm */; };
		3CE90D1811F5F82200543402 /* ReadWrite.mm in Sources */ = {isa = PBXBuildFile; fileRef = 3CE90D1711F5F82200543402 /* ReadWrite.mm */; };
		3CE90D8811F6017B00543402 /* LoadCommands.mm in Sources */ = {isa = PBXBuildFile; fileRef = 3CE90D8711F6017B00543402 /* LoadCommands.mm */; };
		3CE90DB611F60B6900543402 /* LinkEdit.mm in Sources */ = {isa = PBXBuildFile; fileRef = 3CE90DB511F60B6900543402 /* LinkEdit.mm */; };
		3CE90DEF11F60D5A00543402 /* Exceptions.mm in Sources */ = {isa = PBXBuildFile; fileRef = 3CE90DEE11F60D5A00543402 /* Exceptions.mm */; };
		3CF22E92144C8FC600380071 /* ObjC.mm in Sources */ = {isa = PBXBuildFile; fileRef = 3CF22E91144C8FC600380071 /* ObjC.mm */; };
		3CF9779E11C77A23004CD74C /* DataController.mm in Sources */ = {isa = PBXBuildFile; fileRef = 3CF9779D11C77A23004CD74C /* DataController.mm */; };
		3CF978C611C7B34C004CD74C /* DataSources.mm in Sources */ = {isa = PBXBuildFile; fileRef = 3CF978C511C7B34C004CD74C /* DataSources.mm */; };
		3CF97F0F11C91F93004CD74C /* MachOLayout.mm in Sources */ = {isa = PBXBuildFile; fileRef = 3CF97F0E11C91F93004CD74C /* MachOLayout.mm */; };
		7B111E4717DC33F8008ED484 /* Attach.mm in Sources */ = {isa = PBXBuildFile; fileRef = 7B111E4617DC33F8008ED484 /* Attach.mm */; };
		7BC7AFD92A0F2B5900D90CD1 /* libcapstone.a in Frameworks */ = {isa = PBXBuildFile; fileRef = 7BC7AFD82A0F2B5900D90CD1 /* libcapstone.a */; };
		8D11072D0486CEB800E47090 /* main.mm in Sources */ = {isa = PBXBuildFile; fileRef = 29B97316FDCFA39411CA2CEA /* main.mm */; settings = {ATTRIBUTES = (); }; };
/* End PBXBuildFile section */

/* Begin PBXContainerItemProxy section */
		7BC7AFD62A0F2B1A00D90CD1 /* PBXContainerItemProxy */ = {
			isa = PBXContainerItemProxy;
			containerPortal = 29B97313FDCFA39411CA2CEA /* Project object */;
			proxyType = 1;
			remoteGlobalIDString = 7BC7AFD12A0F2AF700D90CD1;
			remoteInfo = Capstone;
		};
/* End PBXContainerItemProxy section */

/* Begin PBXCopyFilesBuildPhase section */
		3CACF74A11CBCC69006BCD3F /* CopyFiles */ = {
			isa = PBXCopyFilesBuildPhase;
			buildActionMask = 8;
			dstPath = "";
			dstSubfolderSpec = 16;
			files = (
				3C0ADEB0169CD42600DA428E /* README.md in CopyFiles */,
			);
			runOnlyForDeploymentPostprocessing = 1;
		};
/* End PBXCopyFilesBuildPhase section */

/* Begin PBXFileReference section */
		0303F91F2A289A1D00A22816 /* MachOView */ = {isa = PBXFileReference; lastKnownFileType = wrapper; path = MachOView; sourceTree = "<group>"; };
		13E42FB307B3F0F600E4EEF1 /* CoreData.framework */ = {isa = PBXFileReference; lastKnownFileType = wrapper.framework; name = CoreData.framework; path = /System/Library/Frameworks/CoreData.framework; sourceTree = "<absolute>"; };
		256AC3D80F4B6AC300CF3369 /* AppController.h */ = {isa = PBXFileReference; fileEncoding = 4; lastKnownFileType = sourcecode.c.h; path = AppController.h; sourceTree = "<group>"; };
		256AC3D90F4B6AC300CF3369 /* AppController.mm */ = {isa = PBXFileReference; fileEncoding = 4; lastKnownFileType = sourcecode.cpp.objcpp; path = AppController.mm; sourceTree = "<group>"; };
		256AC3F00F4B6AF500CF3369 /* Prefix.pch */ = {isa = PBXFileReference; fileEncoding = 4; lastKnownFileType = sourcecode.c.h; path = Prefix.pch; sourceTree = "<group>"; };
		29B97316FDCFA39411CA2CEA /* main.mm */ = {isa = PBXFileReference; fileEncoding = 4; lastKnownFileType = sourcecode.cpp.objcpp; path = main.mm; sourceTree = "<group>"; };
		29B97324FDCFA39411CA2CEA /* AppKit.framework */ = {isa = PBXFileReference; lastKnownFileType = wrapper.framework; name = AppKit.framework; path = /System/Library/Frameworks/AppKit.framework; sourceTree = "<absolute>"; };
		29B97325FDCFA39411CA2CEA /* Foundation.framework */ = {isa = PBXFileReference; lastKnownFileType = wrapper.framework; name = Foundation.framework; path = /System/Library/Frameworks/Foundation.framework; sourceTree = "<absolute>"; };
		3C0F958711F658BF0070A2FE /* greenApple.icns */ = {isa = PBXFileReference; lastKnownFileType = image.icns; path = greenApple.icns; sourceTree = "<group>"; };
		3C0F958811F658BF0070A2FE /* redApple.icns */ = {isa = PBXFileReference; lastKnownFileType = image.icns; path = redApple.icns; sourceTree = "<group>"; };
		3C1163F013D5B88D007B4A6E /* stop.png */ = {isa = PBXFileReference; lastKnownFileType = image.png; path = stop.png; sourceTree = "<group>"; };
		3C30845A11FDAF6F008A270F /* createdmg */ = {isa = PBXFileReference; fileEncoding = 4; lastKnownFileType = text; path = createdmg; sourceTree = "<group>"; };
		3C34A82914892FF1005B53F6 /* FatLayout.h */ = {isa = PBXFileReference; fileEncoding = 4; lastKnownFileType = sourcecode.c.h; path = FatLayout.h; sourceTree = "<group>"; };
		3C34A82A14892FF1005B53F6 /* FatLayout.mm */ = {isa = PBXFileReference; fileEncoding = 4; lastKnownFileType = sourcecode.cpp.objcpp; path = FatLayout.mm; sourceTree = "<group>"; };
		3C46C7D71687C5CB00212190 /* PreferenceController.h */ = {isa = PBXFileReference; lastKnownFileType = sourcecode.c.h; path = PreferenceController.h; sourceTree = "<group>"; };
		3C46C7D81687C6ED00212190 /* PreferenceController.m */ = {isa = PBXFileReference; fileEncoding = 4; lastKnownFileType = sourcecode.c.objc; path = PreferenceController.m; sourceTree = "<group>"; };
		3C61A87B1240B0B400BDF3D0 /* SectionContents.mm */ = {isa = PBXFileReference; fileEncoding = 4; lastKnownFileType = sourcecode.cpp.objcpp; path = SectionContents.mm; sourceTree = "<group>"; };
		3C61A87D1240B0C100BDF3D0 /* SectionContents.h */ = {isa = PBXFileReference; fileEncoding = 4; lastKnownFileType = sourcecode.c.h; path = SectionContents.h; sourceTree = "<group>"; };
		3C73525811DE122900DF1950 /* Document.h */ = {isa = PBXFileReference; fileEncoding = 4; lastKnownFileType = sourcecode.c.h; path = Document.h; sourceTree = "<group>"; };
		3C73525911DE122900DF1950 /* Document.mm */ = {isa = PBXFileReference; fileEncoding = 4; lastKnownFileType = sourcecode.cpp.objcpp; path = Document.mm; sourceTree = "<group>"; };
		3C871CB1141AC7C100288512 /* Common.h */ = {isa = PBXFileReference; fileEncoding = 4; lastKnownFileType = sourcecode.c.h; path = Common.h; sourceTree = "<group>"; };
		3CA2331811F6445700684D15 /* MachOView.app */ = {isa = PBXFileReference; explicitFileType = wrapper.application; includeInIndex = 0; path = MachOView.app; sourceTree = BUILT_PRODUCTS_DIR; };
		3CC0022111F64A45000F7A3D /* Cocoa.framework */ = {isa = PBXFileReference; lastKnownFileType = wrapper.framework; name = Cocoa.framework; path = System/Library/Frameworks/Cocoa.framework; sourceTree = SDKROOT; };
		3CCB9FDF11F6DC2000F57CAA /* Info.plist */ = {isa = PBXFileReference; fileEncoding = 4; lastKnownFileType = text.plist.xml; path = Info.plist; sourceTree = "<group>"; };
		3CCC228B129EE70C0083DAE2 /* CRTFootPrints.h */ = {isa = PBXFileReference; fileEncoding = 4; lastKnownFileType = sourcecode.c.h; path = CRTFootPrints.h; sourceTree = "<group>"; };
		3CCC228C129EE70C0083DAE2 /* CRTFootPrints.mm */ = {isa = PBXFileReference; fileEncoding = 4; lastKnownFileType = sourcecode.cpp.objcpp; path = CRTFootPrints.mm; sourceTree = "<group>"; };
		3CD037C01248F66300DCFC68 /* DyldInfo.h */ = {isa = PBXFileReference; fileEncoding = 4; lastKnownFileType = sourcecode.c.h; path = DyldInfo.h; sourceTree = "<group>"; };
		3CD037C11248F66C00DCFC68 /* DyldInfo.mm */ = {isa = PBXFileReference; fileEncoding = 4; lastKnownFileType = sourcecode.cpp.objcpp; path = DyldInfo.mm; sourceTree = "<group>"; };
		3CE718B513338F030005C4DA /* ArchiveLayout.h */ = {isa = PBXFileReference; fileEncoding = 4; lastKnownFileType = sourcecode.c.h; path = ArchiveLayout.h; sourceTree = "<group>"; };
		3CE718B613338F0E0005C4DA /* ArchiveLayout.mm */ = {isa = PBXFileReference; fileEncoding = 4; lastKnownFileType = sourcecode.cpp.objcpp; path = ArchiveLayout.mm; sourceTree = "<group>"; };
		3CE7199D1333A4EF0005C4DA /* Layout.h */ = {isa = PBXFileReference; fileEncoding = 4; lastKnownFileType = sourcecode.c.h; path = Layout.h; sourceTree = "<group>"; };
		3CE7199E1333A4EF0005C4DA /* Layout.mm */ = {isa = PBXFileReference; fileEncoding = 4; lastKnownFileType = sourcecode.cpp.objcpp; path = Layout.mm; sourceTree = "<group>"; };
		3CE90D1711F5F82200543402 /* ReadWrite.mm */ = {isa = PBXFileReference; fileEncoding = 4; lastKnownFileType = sourcecode.cpp.objcpp; path = ReadWrite.mm; sourceTree = "<group>"; };
		3CE90D7F11F6002B00543402 /* ReadWrite.h */ = {isa = PBXFileReference; fileEncoding = 4; lastKnownFileType = sourcecode.c.h; path = ReadWrite.h; sourceTree = "<group>"; };
		3CE90D8611F6012C00543402 /* LoadCommands.h */ = {isa = PBXFileReference; fileEncoding = 4; lastKnownFileType = sourcecode.c.h; path = LoadCommands.h; sourceTree = "<group>"; };
		3CE90D8711F6017B00543402 /* LoadCommands.mm */ = {isa = PBXFileReference; fileEncoding = 4; lastKnownFileType = sourcecode.cpp.objcpp; lineEnding = 0; path = LoadCommands.mm; sourceTree = "<group>"; xcLanguageSpecificationIdentifier = xcode.lang.objcpp; };
		3CE90DB411F60B2E00543402 /* LinkEdit.h */ = {isa = PBXFileReference; fileEncoding = 4; lastKnownFileType = sourcecode.c.h; path = LinkEdit.h; sourceTree = "<group>"; };
		3CE90DB511F60B6900543402 /* LinkEdit.mm */ = {isa = PBXFileReference; fileEncoding = 4; lastKnownFileType = sourcecode.cpp.objcpp; path = LinkEdit.mm; sourceTree = "<group>"; };
		3CE90DED11F60D4F00543402 /* Exceptions.h */ = {isa = PBXFileReference; fileEncoding = 4; lastKnownFileType = sourcecode.c.h; path = Exceptions.h; sourceTree = "<group>"; };
		3CE90DEE11F60D5A00543402 /* Exceptions.mm */ = {isa = PBXFileReference; fileEncoding = 4; lastKnownFileType = sourcecode.cpp.objcpp; path = Exceptions.mm; sourceTree = "<group>"; };
		3CE90DFC11F6107600543402 /* README.md */ = {isa = PBXFileReference; fileEncoding = 4; lastKnownFileType = net.daringfireball.markdown; path = README.md; sourceTree = "<group>"; };
		3CF22E90144C8FC600380071 /* ObjC.h */ = {isa = PBXFileReference; fileEncoding = 4; lastKnownFileType = sourcecode.c.h; path = ObjC.h; sourceTree = "<group>"; };
		3CF22E91144C8FC600380071 /* ObjC.mm */ = {isa = PBXFileReference; fileEncoding = 4; lastKnownFileType = sourcecode.cpp.objcpp; path = ObjC.mm; sourceTree = "<group>"; };
		3CF9779C11C77A23004CD74C /* DataController.h */ = {isa = PBXFileReference; fileEncoding = 4; lastKnownFileType = sourcecode.c.h; path = DataController.h; sourceTree = "<group>"; };
		3CF9779D11C77A23004CD74C /* DataController.mm */ = {isa = PBXFileReference; fileEncoding = 4; lastKnownFileType = sourcecode.cpp.objcpp; path = DataController.mm; sourceTree = "<group>"; };
		3CF978C411C7B34C004CD74C /* DataSources.h */ = {isa = PBXFileReference; fileEncoding = 4; lastKnownFileType = sourcecode.c.h; path = DataSources.h; sourceTree = "<group>"; };
		3CF978C511C7B34C004CD74C /* DataSources.mm */ = {isa = PBXFileReference; fileEncoding = 4; lastKnownFileType = sourcecode.cpp.objcpp; path = DataSources.mm; sourceTree = "<group>"; };
		3CF97F0D11C91F93004CD74C /* MachOLayout.h */ = {isa = PBXFileReference; fileEncoding = 4; lastKnownFileType = sourcecode.c.h; lineEnding = 0; path = MachOLayout.h; sourceTree = "<group>"; xcLanguageSpecificationIdentifier = xcode.lang.objcpp; };
		3CF97F0E11C91F93004CD74C /* MachOLayout.mm */ = {isa = PBXFileReference; fileEncoding = 4; lastKnownFileType = sourcecode.cpp.objcpp; lineEnding = 0; path = MachOLayout.mm; sourceTree = "<group>"; xcLanguageSpecificationIdentifier = xcode.lang.objcpp; };
		7B111E4617DC33F8008ED484 /* Attach.mm */ = {isa = PBXFileReference; fileEncoding = 4; lastKnownFileType = sourcecode.cpp.objcpp; path = Attach.mm; sourceTree = "<group>"; };
		7B111E4817DC3401008ED484 /* Attach.h */ = {isa = PBXFileReference; lastKnownFileType = sourcecode.c.h; path = Attach.h; sourceTree = "<group>"; };
		7B4561BF2A0B0EF900678297 /* thread_status.h */ = {isa = PBXFileReference; lastKnownFileType = sourcecode.c.h; path = thread_status.h; sourceTree = "<group>"; };
		7B4561C02A0B137A00678297 /* thread_status_arm.h */ = {isa = PBXFileReference; lastKnownFileType = sourcecode.c.h; path = thread_status_arm.h; sourceTree = "<group>"; };
		7B4AD6322A0D29A8006AE04E /* Base */ = {isa = PBXFileReference; lastKnownFileType = file.xib; name = Base; path = Base.lproj/MainMenu.xib; sourceTree = "<group>"; };
		7B4AD6332A0D29A8006AE04E /* Base */ = {isa = PBXFileReference; lastKnownFileType = file.xib; name = Base; path = Base.lproj/Layout.xib; sourceTree = "<group>"; };
		7B4AD6342A0D29A8006AE04E /* Base */ = {isa = PBXFileReference; lastKnownFileType = file.xib; name = Base; path = Base.lproj/Preferences.xib; sourceTree = "<group>"; };
		7B4AD6352A0D29B2006AE04E /* en */ = {isa = PBXFileReference; lastKnownFileType = text.rtf; name = en; path = en.lproj/Credits.rtf; sourceTree = "<group>"; };
		7B4AD6362A0D29B2006AE04E /* en */ = {isa = PBXFileReference; lastKnownFileType = text.plist.strings; name = en; path = en.lproj/InfoPlist.strings; sourceTree = "<group>"; };
		7BC7AFD82A0F2B5900D90CD1 /* libcapstone.a */ = {isa = PBXFileReference; lastKnownFileType = archive.ar; name = libcapstone.a; path = capstone/libcapstone.a; sourceTree = "<group>"; };
/* End PBXFileReference section */

/* Begin PBXFrameworksBuildPhase section */
		8D11072E0486CEB800E47090 /* Frameworks */ = {
			isa = PBXFrameworksBuildPhase;
			buildActionMask = 2147483647;
			files = (
				7BC7AFD92A0F2B5900D90CD1 /* libcapstone.a in Frameworks */,
				3CC0022211F64A45000F7A3D /* Cocoa.framework in Frameworks */,
			);
			runOnlyForDeploymentPostprocessing = 0;
		};
/* End PBXFrameworksBuildPhase section */

/* Begin PBXGroup section */
		0303F91E2A289A1D00A22816 /* Packages */ = {
			isa = PBXGroup;
			children = (
				0303F91F2A289A1D00A22816 /* MachOView */,
			);
			name = Packages;
			sourceTree = "<group>";
		};
		080E96DDFE201D6D7F000001 /* machoview */ = {
			isa = PBXGroup;
			children = (
				3C871CB1141AC7C100288512 /* Common.h */,
				256AC3D80F4B6AC300CF3369 /* AppController.h */,
				256AC3D90F4B6AC300CF3369 /* AppController.mm */,
				3C46C7D71687C5CB00212190 /* PreferenceController.h */,
				3C46C7D81687C6ED00212190 /* PreferenceController.m */,
				3C73525811DE122900DF1950 /* Document.h */,
				3C73525911DE122900DF1950 /* Document.mm */,
				3CF978C411C7B34C004CD74C /* DataSources.h */,
				3CF978C511C7B34C004CD74C /* DataSources.mm */,
				3CF9779C11C77A23004CD74C /* DataController.h */,
				3CF9779D11C77A23004CD74C /* DataController.mm */,
				3CE7199D1333A4EF0005C4DA /* Layout.h */,
				3CE7199E1333A4EF0005C4DA /* Layout.mm */,
				3C34A82914892FF1005B53F6 /* FatLayout.h */,
				3C34A82A14892FF1005B53F6 /* FatLayout.mm */,
				3CE718B513338F030005C4DA /* ArchiveLayout.h */,
				3CE718B613338F0E0005C4DA /* ArchiveLayout.mm */,
				3CF97F0D11C91F93004CD74C /* MachOLayout.h */,
				3CF97F0E11C91F93004CD74C /* MachOLayout.mm */,
				3CE90D8611F6012C00543402 /* LoadCommands.h */,
				3CE90D8711F6017B00543402 /* LoadCommands.mm */,
				3CE90DB411F60B2E00543402 /* LinkEdit.h */,
				3CE90DB511F60B6900543402 /* LinkEdit.mm */,
				3CD037C01248F66300DCFC68 /* DyldInfo.h */,
				3CD037C11248F66C00DCFC68 /* DyldInfo.mm */,
				3C61A87D1240B0C100BDF3D0 /* SectionContents.h */,
				3C61A87B1240B0B400BDF3D0 /* SectionContents.mm */,
				3CE90DED11F60D4F00543402 /* Exceptions.h */,
				3CE90DEE11F60D5A00543402 /* Exceptions.mm */,
				3CF22E90144C8FC600380071 /* ObjC.h */,
				3CF22E91144C8FC600380071 /* ObjC.mm */,
				3CE90D7F11F6002B00543402 /* ReadWrite.h */,
				3CE90D1711F5F82200543402 /* ReadWrite.mm */,
				3CCC228B129EE70C0083DAE2 /* CRTFootPrints.h */,
				3CCC228C129EE70C0083DAE2 /* CRTFootPrints.mm */,
				7B111E4817DC3401008ED484 /* Attach.h */,
				7B111E4617DC33F8008ED484 /* Attach.mm */,
			);
			name = machoview;
			sourceTree = "<group>";
		};
		1058C7A0FEA54F0111CA2CBB /* Linked Frameworks */ = {
			isa = PBXGroup;
			children = (
				3CC0022111F64A45000F7A3D /* Cocoa.framework */,
			);
			name = "Linked Frameworks";
			sourceTree = "<group>";
		};
		1058C7A2FEA54F0111CA2CBB /* Other Frameworks */ = {
			isa = PBXGroup;
			children = (
				29B97324FDCFA39411CA2CEA /* AppKit.framework */,
				13E42FB307B3F0F600E4EEF1 /* CoreData.framework */,
				29B97325FDCFA39411CA2CEA /* Foundation.framework */,
			);
			name = "Other Frameworks";
			sourceTree = "<group>";
		};
		19C28FACFE9D520D11CA2CBB /* Products */ = {
			isa = PBXGroup;
			children = (
				3CA2331811F6445700684D15 /* MachOView.app */,
			);
			name = Products;
			sourceTree = "<group>";
		};
		29B97314FDCFA39411CA2CEA /* Mach-O Browser */ = {
			isa = PBXGroup;
			children = (
				0303F91E2A289A1D00A22816 /* Packages */,
				3CE90DFC11F6107600543402 /* README.md */,
				3C30845A11FDAF6F008A270F /* createdmg */,
				080E96DDFE201D6D7F000001 /* machoview */,
				3C78CB26139EE44B006C9591 /* mach-o */,
				29B97315FDCFA39411CA2CEA /* main */,
				29B97317FDCFA39411CA2CEA /* Resources */,
				29B97323FDCFA39411CA2CEA /* Frameworks */,
				19C28FACFE9D520D11CA2CBB /* Products */,
			);
			name = "Mach-O Browser";
			sourceTree = "<group>";
		};
		29B97315FDCFA39411CA2CEA /* main */ = {
			isa = PBXGroup;
			children = (
				256AC3F00F4B6AF500CF3369 /* Prefix.pch */,
				29B97316FDCFA39411CA2CEA /* main.mm */,
			);
			name = main;
			sourceTree = "<group>";
		};
		29B97317FDCFA39411CA2CEA /* Resources */ = {
			isa = PBXGroup;
			children = (
				3C46C8491687DEE600212190 /* Credits.rtf */,
				3CCB9FDF11F6DC2000F57CAA /* Info.plist */,
				3C0F958811F658BF0070A2FE /* redApple.icns */,
				3C0F958711F658BF0070A2FE /* greenApple.icns */,
				3C1163F013D5B88D007B4A6E /* stop.png */,
				3C0F957E11F6589D0070A2FE /* InfoPlist.strings */,
				3C0F958211F6589D0070A2FE /* MainMenu.xib */,
				3C0F958011F6589D0070A2FE /* Layout.xib */,
				3C3EC88D13B66E8900ECCDB2 /* Preferences.xib */,
			);
			name = Resources;
			sourceTree = "<group>";
		};
		29B97323FDCFA39411CA2CEA /* Frameworks */ = {
			isa = PBXGroup;
			children = (
				7BC7AFD82A0F2B5900D90CD1 /* libcapstone.a */,
				1058C7A0FEA54F0111CA2CBB /* Linked Frameworks */,
				1058C7A2FEA54F0111CA2CBB /* Other Frameworks */,
			);
			name = Frameworks;
			sourceTree = "<group>";
		};
		3C78CB26139EE44B006C9591 /* mach-o */ = {
			isa = PBXGroup;
			children = (
				7B4561BF2A0B0EF900678297 /* thread_status.h */,
				7B4561C02A0B137A00678297 /* thread_status_arm.h */,
			);
			path = "mach-o";
			sourceTree = "<group>";
		};
/* End PBXGroup section */

/* Begin PBXNativeTarget section */
		8D1107260486CEB800E47090 /* MachOView */ = {
			isa = PBXNativeTarget;
			buildConfigurationList = C01FCF4A08A954540054247B /* Build configuration list for PBXNativeTarget "MachOView" */;
			buildPhases = (
				3CACF74A11CBCC69006BCD3F /* CopyFiles */,
				8D1107290486CEB800E47090 /* Resources */,
				8D11072C0486CEB800E47090 /* Sources */,
				8D11072E0486CEB800E47090 /* Frameworks */,
				3C2656DF11F8E35C002D8A1C /* Run Script Versioning */,
			);
			buildRules = (
			);
			dependencies = (
				7BC7AFD72A0F2B1A00D90CD1 /* PBXTargetDependency */,
			);
			name = MachOView;
			productInstallPath = "$(HOME)/Applications";
			productName = "Mach-O Browser";
			productReference = 3CA2331811F6445700684D15 /* MachOView.app */;
			productType = "com.apple.product-type.application";
		};
/* End PBXNativeTarget section */

/* Begin PBXProject section */
		29B97313FDCFA39411CA2CEA /* Project object */ = {
			isa = PBXProject;
			attributes = {
				BuildIndependentTargetsInParallel = YES;
				LastUpgradeCheck = 1430;
				TargetAttributes = {
					7BC7AFD12A0F2AF700D90CD1 = {
						CreatedOnToolsVersion = 14.3;
					};
				};
			};
			buildConfigurationList = C01FCF4E08A954540054247B /* Build configuration list for PBXProject "machoview" */;
			compatibilityVersion = "Xcode 3.2";
			developmentRegion = en;
			hasScannedForEncodings = 1;
			knownRegions = (
				Base,
				en,
				de,
				ja,
				fr,
			);
			mainGroup = 29B97314FDCFA39411CA2CEA /* Mach-O Browser */;
			projectDirPath = "";
			projectRoot = "";
			targets = (
				8D1107260486CEB800E47090 /* MachOView */,
				7BC7AFD12A0F2AF700D90CD1 /* Capstone */,
			);
		};
/* End PBXProject section */

/* Begin PBXResourcesBuildPhase section */
		8D1107290486CEB800E47090 /* Resources */ = {
			isa = PBXResourcesBuildPhase;
			buildActionMask = 2147483647;
			files = (
				3C0F958411F6589D0070A2FE /* InfoPlist.strings in Resources */,
				3C0F958511F6589D0070A2FE /* Layout.xib in Resources */,
				3C0F958611F6589D0070A2FE /* MainMenu.xib in Resources */,
				3C0F958911F658BF0070A2FE /* greenApple.icns in Resources */,
				3C0F958A11F658BF0070A2FE /* redApple.icns in Resources */,
				3C3EC88F13B66E8900ECCDB2 /* Preferences.xib in Resources */,
				3C1163F113D5B88D007B4A6E /* stop.png in Resources */,
				3C46C84B1687DEE600212190 /* Credits.rtf in Resources */,
			);
			runOnlyForDeploymentPostprocessing = 0;
		};
/* End PBXResourcesBuildPhase section */

/* Begin PBXShellScriptBuildPhase section */
		3C2656DF11F8E35C002D8A1C /* Run Script Versioning */ = {
			isa = PBXShellScriptBuildPhase;
			buildActionMask = 12;
			files = (
			);
			inputPaths = (
			);
			name = "Run Script Versioning";
			outputPaths = (
			);
			runOnlyForDeploymentPostprocessing = 0;
			shellPath = /bin/sh;
			shellScript = "#!/bin/bash\n# Auto Increment Version Script\nbuildPlist=\"Info.plist\"\nCFBundleShortVersionString=$(/usr/libexec/PlistBuddy -c \"Print CFBundleShortVersionString\" $buildPlist)\nCFBuildNumber=$(/usr/libexec/PlistBuddy -c \"Print CFBuildNumber\" $buildPlist)\nCFBuildNumber=$(($CFBuildNumber + 1))\n/usr/libexec/PlistBuddy -c \"Set :CFBuildNumber $CFBuildNumber\" $buildPlist\nCFBuildDate=$(date)\n/usr/libexec/PlistBuddy -c \"Set :CFBuildDate $CFBuildDate\" $buildPlist\n# set Bundle version\n/usr/libexec/PlistBuddy -c \"Set :CFBundleVersion $CFBuildNumber\" $buildPlist\necho \"New build: $CFBundleShortVersionString (build: $CFBuildNumber) $CFBuildDate\"\n";
		};
		7BC7AFD52A0F2AFD00D90CD1 /* ShellScript */ = {
			isa = PBXShellScriptBuildPhase;
			buildActionMask = 2147483647;
			files = (
			);
			inputFileListPaths = (
			);
			inputPaths = (
			);
			outputFileListPaths = (
			);
			outputPaths = (
			);
			runOnlyForDeploymentPostprocessing = 0;
			shellPath = /bin/sh;
			shellScript = "cd capstone\nCAPSTONE_ARCHS=\"arm aarch64 x86 powerpc\" CAPSTONE_USE_SYS_DYN_MEM=yes CAPSTONE_DIET=no CAPSTONE_X86_REDUCE=no CAPSTONE_STATIC=yes ./make.sh mac-universal\n";
		};
/* End PBXShellScriptBuildPhase section */

/* Begin PBXSourcesBuildPhase section */
		8D11072C0486CEB800E47090 /* Sources */ = {
			isa = PBXSourcesBuildPhase;
			buildActionMask = 2147483647;
			files = (
				8D11072D0486CEB800E47090 /* main.mm in Sources */,
				256AC3DA0F4B6AC300CF3369 /* AppController.mm in Sources */,
				3CF9779E11C77A23004CD74C /* DataController.mm in Sources */,
				3CF978C611C7B34C004CD74C /* DataSources.mm in Sources */,
				3CF97F0F11C91F93004CD74C /* MachOLayout.mm in Sources */,
				3C73525A11DE122900DF1950 /* Document.mm in Sources */,
				3CE90D1811F5F82200543402 /* ReadWrite.mm in Sources */,
				3CE90D8811F6017B00543402 /* LoadCommands.mm in Sources */,
				3CE90DB611F60B6900543402 /* LinkEdit.mm in Sources */,
				3CE90DEF11F60D5A00543402 /* Exceptions.mm in Sources */,
				7B111E4717DC33F8008ED484 /* Attach.mm in Sources */,
				3C61A87C1240B0B400BDF3D0 /* SectionContents.mm in Sources */,
				3CD037C21248F66C00DCFC68 /* DyldInfo.mm in Sources */,
				3CCC228D129EE70C0083DAE2 /* CRTFootPrints.mm in Sources */,
				3CE718B713338F0E0005C4DA /* ArchiveLayout.mm in Sources */,
				3CE7199F1333A4EF0005C4DA /* Layout.mm in Sources */,
				3CF22E92144C8FC600380071 /* ObjC.mm in Sources */,
				3C34A82B14892FF1005B53F6 /* FatLayout.mm in Sources */,
				3C46C7D91687C6ED00212190 /* PreferenceController.m in Sources */,
			);
			runOnlyForDeploymentPostprocessing = 0;
		};
/* End PBXSourcesBuildPhase section */

/* Begin PBXTargetDependency section */
		7BC7AFD72A0F2B1A00D90CD1 /* PBXTargetDependency */ = {
			isa = PBXTargetDependency;
			target = 7BC7AFD12A0F2AF700D90CD1 /* Capstone */;
			targetProxy = 7BC7AFD62A0F2B1A00D90CD1 /* PBXContainerItemProxy */;
		};
/* End PBXTargetDependency section */

/* Begin PBXVariantGroup section */
		3C0F957E11F6589D0070A2FE /* InfoPlist.strings */ = {
			isa = PBXVariantGroup;
			children = (
				7B4AD6362A0D29B2006AE04E /* en */,
			);
			name = InfoPlist.strings;
			sourceTree = "<group>";
		};
		3C0F958011F6589D0070A2FE /* Layout.xib */ = {
			isa = PBXVariantGroup;
			children = (
				7B4AD6332A0D29A8006AE04E /* Base */,
			);
			name = Layout.xib;
			sourceTree = "<group>";
		};
		3C0F958211F6589D0070A2FE /* MainMenu.xib */ = {
			isa = PBXVariantGroup;
			children = (
				7B4AD6322A0D29A8006AE04E /* Base */,
			);
			name = MainMenu.xib;
			sourceTree = "<group>";
		};
		3C3EC88D13B66E8900ECCDB2 /* Preferences.xib */ = {
			isa = PBXVariantGroup;
			children = (
				7B4AD6342A0D29A8006AE04E /* Base */,
			);
			name = Preferences.xib;
			sourceTree = "<group>";
		};
		3C46C8491687DEE600212190 /* Credits.rtf */ = {
			isa = PBXVariantGroup;
			children = (
				7B4AD6352A0D29B2006AE04E /* en */,
			);
			name = Credits.rtf;
			sourceTree = "<group>";
		};
/* End PBXVariantGroup section */

/* Begin XCBuildConfiguration section */
		7BC7AFD32A0F2AF700D90CD1 /* Debug */ = {
			isa = XCBuildConfiguration;
			buildSettings = {
				CODE_SIGN_STYLE = Automatic;
				PRODUCT_NAME = "$(TARGET_NAME)";
			};
			name = Debug;
		};
		7BC7AFD42A0F2AF700D90CD1 /* Release */ = {
			isa = XCBuildConfiguration;
			buildSettings = {
				CODE_SIGN_STYLE = Automatic;
				PRODUCT_NAME = "$(TARGET_NAME)";
			};
			name = Release;
		};
		C01FCF4B08A954540054247B /* Debug */ = {
			isa = XCBuildConfiguration;
			buildSettings = {
				ALWAYS_SEARCH_USER_PATHS = NO;
				ARCHS = "$(ARCHS_STANDARD)";
				CLANG_ENABLE_MODULES = YES;
				CLANG_ENABLE_OBJC_ARC = YES;
				CODE_SIGN_IDENTITY = "-";
				COMBINE_HIDPI_IMAGES = YES;
				CONFIGURATION_TEMP_DIR = "$(inherited)";
				COPY_PHASE_STRIP = NO;
				CURRENT_PROJECT_VERSION = "";
				DEAD_CODE_STRIPPING = YES;
				DEFINES_MODULE = YES;
				GCC_DYNAMIC_NO_PIC = NO;
				GCC_INLINES_ARE_PRIVATE_EXTERN = YES;
				GCC_OPTIMIZATION_LEVEL = 0;
				GCC_PRECOMPILE_PREFIX_HEADER = YES;
				GCC_PREFIX_HEADER = Prefix.pch;
				GCC_SYMBOLS_PRIVATE_EXTERN = NO;
				GCC_VERSION = com.apple.compilers.llvm.clang.1_0;
				GENERATE_PROFILING_CODE = NO;
				HEADER_SEARCH_PATHS = (
					"$(SRCROOT)",
					"$(SRCROOT)/capstone/include",
				);
				INCLUDED_RECURSIVE_SEARCH_PATH_SUBDIRECTORIES = "";
				INFOPLIST_FILE = Info.plist;
				INSTALL_PATH = /Applications;
				LIBRARY_SEARCH_PATHS = (
					"$(SRCROOT)",
					"$(PROJECT_DIR)/capstone",
				);
				MACOSX_DEPLOYMENT_TARGET = 10.13;
				OTHER_CFLAGS = (
					"-D__STDC_CONSTANT_MACROS",
					"-D__STDC_FORMAT_MACROS",
					"-D__STDC_LIMIT_MACROS",
				);
				OTHER_LDFLAGS = (
					"-sectcreate",
					__TEXT,
					__info_plist,
					Info.plist,
				);
				PRIVATE_HEADERS_FOLDER_PATH = "";
				PRODUCT_BUNDLE_IDENTIFIER = "${PRODUCT_NAME:rfc1034identifier}";
				PRODUCT_NAME = MachOView;
				SDKROOT = macosx;
				USER_HEADER_SEARCH_PATHS = "";
				VALID_ARCHS = "$(inherited)";
				VERSIONING_SYSTEM = "";
			};
			name = Debug;
		};
		C01FCF4C08A954540054247B /* Release */ = {
			isa = XCBuildConfiguration;
			buildSettings = {
				ALWAYS_SEARCH_USER_PATHS = NO;
				ARCHS = "$(ARCHS_STANDARD)";
				CLANG_ENABLE_MODULES = YES;
				CLANG_ENABLE_OBJC_ARC = YES;
				CODE_SIGN_IDENTITY = "-";
				COMBINE_HIDPI_IMAGES = YES;
				CONFIGURATION_TEMP_DIR = "$(inherited)";
				CURRENT_PROJECT_VERSION = "";
				DEAD_CODE_STRIPPING = YES;
				DEBUG_INFORMATION_FORMAT = "dwarf-with-dsym";
				DEFINES_MODULE = YES;
				GCC_DYNAMIC_NO_PIC = NO;
				GCC_INLINES_ARE_PRIVATE_EXTERN = YES;
				GCC_OPTIMIZATION_LEVEL = s;
				GCC_PRECOMPILE_PREFIX_HEADER = YES;
				GCC_PREFIX_HEADER = Prefix.pch;
				GCC_PREPROCESSOR_DEFINITIONS = NS_BLOCK_ASSERTIONS;
				GCC_SYMBOLS_PRIVATE_EXTERN = NO;
				GCC_VERSION = com.apple.compilers.llvm.clang.1_0;
				GCC_WARN_UNUSED_FUNCTION = NO;
				GCC_WARN_UNUSED_VARIABLE = NO;
				GENERATE_PROFILING_CODE = NO;
				HEADER_SEARCH_PATHS = (
					"$(SRCROOT)",
					"$(SRCROOT)/capstone/include",
				);
				INCLUDED_RECURSIVE_SEARCH_PATH_SUBDIRECTORIES = "";
				INFOPLIST_FILE = Info.plist;
				INSTALL_PATH = /Applications;
				LIBRARY_SEARCH_PATHS = (
					"$(SRCROOT)",
					"$(PROJECT_DIR)/capstone",
				);
				MACOSX_DEPLOYMENT_TARGET = 10.13;
				OTHER_CFLAGS = (
					"-D__STDC_CONSTANT_MACROS",
					"-D__STDC_FORMAT_MACROS",
					"-D__STDC_LIMIT_MACROS",
				);
				OTHER_LDFLAGS = (
					"-sectcreate",
					__TEXT,
					__info_plist,
					Info.plist,
				);
				PRIVATE_HEADERS_FOLDER_PATH = "";
				PRODUCT_BUNDLE_IDENTIFIER = "${PRODUCT_NAME:rfc1034identifier}";
				PRODUCT_NAME = MachOView;
				SDKROOT = macosx;
				SKIP_INSTALL = NO;
				USER_HEADER_SEARCH_PATHS = "";
				VALID_ARCHS = "$(inherited)";
				VERSIONING_SYSTEM = "";
			};
			name = Release;
		};
		C01FCF4F08A954540054247B /* Debug */ = {
			isa = XCBuildConfiguration;
			buildSettings = {
				ARCHS = "$(ARCHS_STANDARD)";
				CLANG_ANALYZER_LOCALIZABILITY_NONLOCALIZED = YES;
				CLANG_ENABLE_OBJC_ARC = YES;
				CLANG_WARN_BLOCK_CAPTURE_AUTORELEASING = YES;
				CLANG_WARN_BOOL_CONVERSION = YES;
				CLANG_WARN_COMMA = YES;
				CLANG_WARN_CONSTANT_CONVERSION = YES;
				CLANG_WARN_DEPRECATED_OBJC_IMPLEMENTATIONS = YES;
				CLANG_WARN_EMPTY_BODY = YES;
				CLANG_WARN_ENUM_CONVERSION = YES;
				CLANG_WARN_INFINITE_RECURSION = YES;
				CLANG_WARN_INT_CONVERSION = YES;
				CLANG_WARN_NON_LITERAL_NULL_CONVERSION = YES;
				CLANG_WARN_OBJC_IMPLICIT_RETAIN_SELF = YES;
				CLANG_WARN_OBJC_LITERAL_CONVERSION = YES;
				CLANG_WARN_QUOTED_INCLUDE_IN_FRAMEWORK_HEADER = YES;
				CLANG_WARN_RANGE_LOOP_ANALYSIS = YES;
				CLANG_WARN_STRICT_PROTOTYPES = YES;
				CLANG_WARN_SUSPICIOUS_MOVE = YES;
				CLANG_WARN_UNREACHABLE_CODE = YES;
				CLANG_WARN__DUPLICATE_METHOD_MATCH = YES;
				CODE_SIGN_IDENTITY = "";
				COPY_PHASE_STRIP = NO;
				DEAD_CODE_STRIPPING = YES;
				DEBUG_INFORMATION_FORMAT = dwarf;
				ENABLE_STRICT_OBJC_MSGSEND = YES;
				ENABLE_TESTABILITY = YES;
				GCC_NO_COMMON_BLOCKS = YES;
				GCC_OPTIMIZATION_LEVEL = 0;
				GCC_PRECOMPILE_PREFIX_HEADER = YES;
				GCC_PREFIX_HEADER = Prefix.pch;
				GCC_WARN_64_TO_32_BIT_CONVERSION = YES;
				GCC_WARN_ABOUT_RETURN_TYPE = YES;
				GCC_WARN_NON_VIRTUAL_DESTRUCTOR = YES;
				GCC_WARN_SIGN_COMPARE = YES;
				GCC_WARN_UNDECLARED_SELECTOR = YES;
				GCC_WARN_UNINITIALIZED_AUTOS = YES;
				GCC_WARN_UNUSED_FUNCTION = YES;
				GCC_WARN_UNUSED_VARIABLE = YES;
				MACOSX_DEPLOYMENT_TARGET = 10.13;
				PRODUCT_NAME = MachOView;
				SDKROOT = macosx;
				VALID_ARCHS = "x86_64 arm64";
			};
			name = Debug;
		};
		C01FCF5008A954540054247B /* Release */ = {
			isa = XCBuildConfiguration;
			buildSettings = {
				ARCHS = "$(ARCHS_STANDARD)";
				CLANG_ANALYZER_LOCALIZABILITY_NONLOCALIZED = YES;
				CLANG_ENABLE_OBJC_ARC = YES;
				CLANG_WARN_BLOCK_CAPTURE_AUTORELEASING = YES;
				CLANG_WARN_BOOL_CONVERSION = YES;
				CLANG_WARN_COMMA = YES;
				CLANG_WARN_CONSTANT_CONVERSION = YES;
				CLANG_WARN_DEPRECATED_OBJC_IMPLEMENTATIONS = YES;
				CLANG_WARN_EMPTY_BODY = YES;
				CLANG_WARN_ENUM_CONVERSION = YES;
				CLANG_WARN_INFINITE_RECURSION = YES;
				CLANG_WARN_INT_CONVERSION = YES;
				CLANG_WARN_NON_LITERAL_NULL_CONVERSION = YES;
				CLANG_WARN_OBJC_IMPLICIT_RETAIN_SELF = YES;
				CLANG_WARN_OBJC_LITERAL_CONVERSION = YES;
				CLANG_WARN_QUOTED_INCLUDE_IN_FRAMEWORK_HEADER = YES;
				CLANG_WARN_RANGE_LOOP_ANALYSIS = YES;
				CLANG_WARN_STRICT_PROTOTYPES = YES;
				CLANG_WARN_SUSPICIOUS_MOVE = YES;
				CLANG_WARN_UNREACHABLE_CODE = YES;
				CLANG_WARN__DUPLICATE_METHOD_MATCH = YES;
				CODE_SIGN_IDENTITY = "";
				COPY_PHASE_STRIP = NO;
				DEAD_CODE_STRIPPING = YES;
				DEBUG_INFORMATION_FORMAT = "dwarf-with-dsym";
				ENABLE_STRICT_OBJC_MSGSEND = YES;
				GCC_NO_COMMON_BLOCKS = YES;
				GCC_PRECOMPILE_PREFIX_HEADER = YES;
				GCC_PREFIX_HEADER = Prefix.pch;
				GCC_WARN_64_TO_32_BIT_CONVERSION = YES;
				GCC_WARN_ABOUT_RETURN_TYPE = YES;
				GCC_WARN_NON_VIRTUAL_DESTRUCTOR = YES;
				GCC_WARN_SIGN_COMPARE = YES;
				GCC_WARN_UNDECLARED_SELECTOR = YES;
				GCC_WARN_UNINITIALIZED_AUTOS = YES;
				GCC_WARN_UNUSED_VARIABLE = NO;
				MACOSX_DEPLOYMENT_TARGET = 10.13;
				PRODUCT_NAME = MachOView;
				SDKROOT = macosx;
				VALID_ARCHS = "x86_64 arm64";
			};
			name = Release;
		};
/* End XCBuildConfiguration section */

/* Begin XCConfigurationList section */
		7BC7AFD22A0F2AF700D90CD1 /* Build configuration list for PBXAggregateTarget "Capstone" */ = {
			isa = XCConfigurationList;
			buildConfigurations = (
				7BC7AFD32A0F2AF700D90CD1 /* Debug */,
				7BC7AFD42A0F2AF700D90CD1 /* Release */,
			);
			defaultConfigurationIsVisible = 0;
			defaultConfigurationName = Release;
		};
		C01FCF4A08A954540054247B /* Build configuration list for PBXNativeTarget "MachOView" */ = {
			isa = XCConfigurationList;
			buildConfigurations = (
				C01FCF4B08A954540054247B /* Debug */,
				C01FCF4C08A954540054247B /* Release */,
			);
			defaultConfigurationIsVisible = 0;
			defaultConfigurationName = Release;
		};
		C01FCF4E08A954540054247B /* Build configuration list for PBXProject "machoview" */ = {
			isa = XCConfigurationList;
			buildConfigurations = (
				C01FCF4F08A954540054247B /* Debug */,
				C01FCF5008A954540054247B /* Release */,
			);
			defaultConfigurationIsVisible = 0;
			defaultConfigurationName = Release;
		};
/* End XCConfigurationList section */
	};
	rootObject = 29B97313FDCFA39411CA2CEA /* Project object */;
}
